
Microsoft Visual Studio Solution File, Format Version 12.00
# Visual Studio Version 16
VisualStudioVersion = 16.0.28407.52
MinimumVisualStudioVersion = 10.0.40219.1
Project("{9A19103F-16F7-4668-BE54-9A1E7A4F7556}") = "testakka", "testakka\testakka.csproj", "{788BE4F8-B3F4-4FBC-8E6C-1ED6A2AA8C55}"
EndProject
Project("{9A19103F-16F7-4668-BE54-9A1E7A4F7556}") = "shareinfo", "shareinfo\shareinfo.csproj", "{A55EECC2-5151-455B-A0FB-C939753B0455}"
EndProject
Project("{9A19103F-16F7-4668-BE54-9A1E7A4F7556}") = "akkaclient", "akkaclient\akkaclient.csproj", "{48813F5A-291D-4C49-869E-15CF94A9E6E1}"
EndProject
Global
	GlobalSection(SolutionConfigurationPlatforms) = preSolution
		Debug|Any CPU = Debug|Any CPU
		Release|Any CPU = Release|Any CPU
	EndGlobalSection
	GlobalSection(ProjectConfigurationPlatforms) = postSolution
		{788BE4F8-B3F4-4FBC-8E6C-1ED6A2AA8C55}.Debug|Any CPU.ActiveCfg = Debug|Any CPU
		{788BE4F8-B3F4-4FBC-8E6C-1ED6A2AA8C55}.Debug|Any CPU.Build.0 = Debug|Any CPU
		{788BE4F8-B3F4-4FBC-8E6C-1ED6A2AA8C55}.Release|Any CPU.ActiveCfg = Release|Any CPU
		{788BE4F8-B3F4-4FBC-8E6C-1ED6A2AA8C55}.Release|Any CPU.Build.0 = Release|Any CPU
		{A55EECC2-5151-455B-A0FB-C939753B0455}.Debug|Any CPU.ActiveCfg = Debug|Any CPU
		{A55EECC2-5151-455B-A0FB-C939753B0455}.Debug|Any CPU.Build.0 = Debug|Any CPU
		{A55EECC2-5151-455B-A0FB-C939753B0455}.Release|Any CPU.ActiveCfg = Release|Any CPU
		{A55EECC2-5151-455B-A0FB-C939753B0455}.Release|Any CPU.Build.0 = Release|Any CPU
		{48813F5A-291D-4C49-869E-15CF94A9E6E1}.Debug|Any CPU.ActiveCfg = Debug|Any CPU
		{48813F5A-291D-4C49-869E-15CF94A9E6E1}.Debug|Any CPU.Build.0 = Debug|Any CPU
		{48813F5A-291D-4C49-869E-15CF94A9E6E1}.Release|Any CPU.ActiveCfg = Release|Any CPU
		{48813F5A-291D-4C49-869E-15CF94A9E6E1}.Release|Any CPU.Build.0 = Release|Any CPU
	EndGlobalSection
	GlobalSection(SolutionProperties) = preSolution
		HideSolutionNode = FALSE
	EndGlobalSection
	GlobalSection(ExtensibilityGlobals) = postSolution
		SolutionGuid = {728FF5CC-55CB-4728-9E6E-F869223D557D}
	EndGlobalSection
EndGlobal
